
Microsoft Visual Studio Solution File, Format Version 12.00
# Visual Studio Version 17
VisualStudioVersion = 17.9.34902.65
MinimumVisualStudioVersion = 10.0.40219.1
Project("{FAE04EC0-301F-11D3-BF4B-00C04F79EFBC}") = "VacationApartments", "MyProject\VacationApartments.csproj", "{0ACB38D0-20BE-4DCA-B7D4-6E1E5CD1952C}"
EndProject
Global
	GlobalSection(SolutionConfigurationPlatforms) = preSolution
		Debug|Any CPU = Debug|Any CPU
		Release|Any CPU = Release|Any CPU
	EndGlobalSection
	GlobalSection(ProjectConfigurationPlatforms) = postSolution
		{0ACB38D0-20BE-4DCA-B7D4-6E1E5CD1952C}.Debug|Any CPU.ActiveCfg = Debug|Any CPU
		{0ACB38D0-20BE-4DCA-B7D4-6E1E5CD1952C}.Debug|Any CPU.Build.0 = Debug|Any CPU
		{0ACB38D0-20BE-4DCA-B7D4-6E1E5CD1952C}.Release|Any CPU.ActiveCfg = Release|Any CPU
		{0ACB38D0-20BE-4DCA-B7D4-6E1E5CD1952C}.Release|Any CPU.Build.0 = Release|Any CPU
	EndGlobalSection
	GlobalSection(SolutionProperties) = preSolution
		HideSolutionNode = FALSE
	EndGlobalSection
	GlobalSection(ExtensibilityGlobals) = postSolution
		SolutionGuid = {F5B1B879-DE7C-41B7-AF62-08579B12B911}
	EndGlobalSection
EndGlobal
